
Microsoft Visual Studio Solution File, Format Version 12.00
# Visual Studio Version 16
VisualStudioVersion = 16.0.29409.12
MinimumVisualStudioVersion = 10.0.40219.1
Project("{FAE04EC0-301F-11D3-BF4B-00C04F79EFBC}") = "WORKPROJECT", "WORKPROJECT\WORKPROJECT.csproj", "{950620F3-B37A-4AA1-8D79-330DCC40A1B5}"
EndProject
Global
	GlobalSection(SolutionConfigurationPlatforms) = preSolution
		Debug|Any CPU = Debug|Any CPU
		Release|Any CPU = Release|Any CPU
	EndGlobalSection
	GlobalSection(ProjectConfigurationPlatforms) = postSolution
		{950620F3-B37A-4AA1-8D79-330DCC40A1B5}.Debug|Any CPU.ActiveCfg = Debug|Any CPU
		{950620F3-B37A-4AA1-8D79-330DCC40A1B5}.Debug|Any CPU.Build.0 = Debug|Any CPU
		{950620F3-B37A-4AA1-8D79-330DCC40A1B5}.Release|Any CPU.ActiveCfg = Release|Any CPU
		{950620F3-B37A-4AA1-8D79-330DCC40A1B5}.Release|Any CPU.Build.0 = Release|Any CPU
	EndGlobalSection
	GlobalSection(SolutionProperties) = preSolution
		HideSolutionNode = FALSE
	EndGlobalSection
	GlobalSection(ExtensibilityGlobals) = postSolution
		SolutionGuid = {ACC7CC3C-31C8-4284-9499-3F0076C111C4}
	EndGlobalSection
EndGlobal
